
Microsoft Visual Studio Solution File, Format Version 12.00
# Visual Studio Version 17
VisualStudioVersion = 17.0.31903.59
MinimumVisualStudioVersion = 10.0.40219.1
Project("{2150E333-8FDC-42A3-9474-1A3956D46DE8}") = "src", "src", "{827E0CD3-B72D-47B6-A68D-7590B98EB39B}"
EndProject
Project("{FAE04EC0-301F-11D3-BF4B-00C04F79EFBC}") = "Ambystech.Elaris.UI", "src\Ambystech.Elaris.UI.csproj", "{F37352C3-61C0-446C-AFC5-D02DABE933B5}"
EndProject
Project("{2150E333-8FDC-42A3-9474-1A3956D46DE8}") = "tests", "tests", "{0AB3BF05-4346-4AA6-1389-037BE0695223}"
EndProject
Project("{FAE04EC0-301F-11D3-BF4B-00C04F79EFBC}") = "Ambystech.Elaris.UI.Tests", "tests\Ambystech.Elaris.UI.Tests.csproj", "{BDB8CF61-9D47-4081-8162-8760439BC550}"
EndProject
Project("{2150E333-8FDC-42A3-9474-1A3956D46DE8}") = "examples", "examples", "{B36A84DF-456D-A817-6EDD-3EC3E7F6E11F}"
EndProject
Project("{FAE04EC0-301F-11D3-BF4B-00C04F79EFBC}") = "Elaris.Examples.HelloWorld", "examples\Elaris.Examples.HelloWorld\Elaris.Examples.HelloWorld.csproj", "{CE540425-AE25-4E24-9857-E094F93405B8}"
EndProject
Project("{FAE04EC0-301F-11D3-BF4B-00C04F79EFBC}") = "Elaris.Examples.Widgets", "examples\Elaris.Examples.Widgets\Elaris.Examples.Widgets.csproj", "{707882FC-77BC-447E-B227-E11DBDB95821}"
EndProject
Project("{FAE04EC0-301F-11D3-BF4B-00C04F79EFBC}") = "Elaris.Examples.ChatDemo", "examples\Elaris.Examples.ChatDemo\Elaris.Examples.ChatDemo.csproj", "{A3DB9105-A92D-4B2E-8BF8-6EC170CCD16F}"
EndProject
Project("{FAE04EC0-301F-11D3-BF4B-00C04F79EFBC}") = "Elaris.Examples.Interactive", "examples\Elaris.Examples.Interactive\Elaris.Examples.Interactive.csproj", "{77FDD34E-51CA-4ACB-AAD2-CDCE32D9B4FE}"
EndProject
Project("{FAE04EC0-301F-11D3-BF4B-00C04F79EFBC}") = "Elaris.Examples.MenuDemo", "examples\Elaris.Examples.MenuDemo\Elaris.Examples.MenuDemo.csproj", "{BC92E8AA-5BA7-41EB-990E-AB9D25E40C85}"
EndProject
Project("{FAE04EC0-301F-11D3-BF4B-00C04F79EFBC}") = "Elaris.Examples.TabsDemo", "examples\Elaris.Examples.TabsDemo\Elaris.Examples.TabsDemo.csproj", "{B8117CB9-26CB-4CF5-BE0C-B6689FAC8B54}"
EndProject
Project("{FAE04EC0-301F-11D3-BF4B-00C04F79EFBC}") = "Elaris.Examples.TableDemo", "examples\Elaris.Examples.TableDemo\Elaris.Examples.TableDemo.csproj", "{E44FA009-8C21-48D3-84A0-79E0B675C106}"
EndProject
Global
	GlobalSection(SolutionConfigurationPlatforms) = preSolution
		Debug|Any CPU = Debug|Any CPU
		Debug|x64 = Debug|x64
		Debug|x86 = Debug|x86
		Release|Any CPU = Release|Any CPU
		Release|x64 = Release|x64
		Release|x86 = Release|x86
	EndGlobalSection
	GlobalSection(ProjectConfigurationPlatforms) = postSolution
		{F37352C3-61C0-446C-AFC5-D02DABE933B5}.Debug|Any CPU.ActiveCfg = Debug|Any CPU
		{F37352C3-61C0-446C-AFC5-D02DABE933B5}.Debug|Any CPU.Build.0 = Debug|Any CPU
		{F37352C3-61C0-446C-AFC5-D02DABE933B5}.Debug|x64.ActiveCfg = Debug|Any CPU
		{F37352C3-61C0-446C-AFC5-D02DABE933B5}.Debug|x64.Build.0 = Debug|Any CPU
		{F37352C3-61C0-446C-AFC5-D02DABE933B5}.Debug|x86.ActiveCfg = Debug|Any CPU
		{F37352C3-61C0-446C-AFC5-D02DABE933B5}.Debug|x86.Build.0 = Debug|Any CPU
		{F37352C3-61C0-446C-AFC5-D02DABE933B5}.Release|Any CPU.ActiveCfg = Release|Any CPU
		{F37352C3-61C0-446C-AFC5-D02DABE933B5}.Release|Any CPU.Build.0 = Release|Any CPU
		{F37352C3-61C0-446C-AFC5-D02DABE933B5}.Release|x64.ActiveCfg = Release|Any CPU
		{F37352C3-61C0-446C-AFC5-D02DABE933B5}.Release|x64.Build.0 = Release|Any CPU
		{F37352C3-61C0-446C-AFC5-D02DABE933B5}.Release|x86.ActiveCfg = Release|Any CPU
		{F37352C3-61C0-446C-AFC5-D02DABE933B5}.Release|x86.Build.0 = Release|Any CPU
		{BDB8CF61-9D47-4081-8162-8760439BC550}.Debug|Any CPU.ActiveCfg = Debug|Any CPU
		{BDB8CF61-9D47-4081-8162-8760439BC550}.Debug|Any CPU.Build.0 = Debug|Any CPU
		{BDB8CF61-9D47-4081-8162-8760439BC550}.Debug|x64.ActiveCfg = Debug|Any CPU
		{BDB8CF61-9D47-4081-8162-8760439BC550}.Debug|x64.Build.0 = Debug|Any CPU
		{BDB8CF61-9D47-4081-8162-8760439BC550}.Debug|x86.ActiveCfg = Debug|Any CPU
		{BDB8CF61-9D47-4081-8162-8760439BC550}.Debug|x86.Build.0 = Debug|Any CPU
		{BDB8CF61-9D47-4081-8162-8760439BC550}.Release|Any CPU.ActiveCfg = Release|Any CPU
		{BDB8CF61-9D47-4081-8162-8760439BC550}.Release|Any CPU.Build.0 = Release|Any CPU
		{BDB8CF61-9D47-4081-8162-8760439BC550}.Release|x64.ActiveCfg = Release|Any CPU
		{BDB8CF61-9D47-4081-8162-8760439BC550}.Release|x64.Build.0 = Release|Any CPU
		{BDB8CF61-9D47-4081-8162-8760439BC550}.Release|x86.ActiveCfg = Release|Any CPU
		{BDB8CF61-9D47-4081-8162-8760439BC550}.Release|x86.Build.0 = Release|Any CPU
		{CE540425-AE25-4E24-9857-E094F93405B8}.Debug|Any CPU.ActiveCfg = Debug|Any CPU
		{CE540425-AE25-4E24-9857-E094F93405B8}.Debug|Any CPU.Build.0 = Debug|Any CPU
		{CE540425-AE25-4E24-9857-E094F93405B8}.Debug|x64.ActiveCfg = Debug|Any CPU
		{CE540425-AE25-4E24-9857-E094F93405B8}.Debug|x64.Build.0 = Debug|Any CPU
		{CE540425-AE25-4E24-9857-E094F93405B8}.Debug|x86.ActiveCfg = Debug|Any CPU
		{CE540425-AE25-4E24-9857-E094F93405B8}.Debug|x86.Build.0 = Debug|Any CPU
		{CE540425-AE25-4E24-9857-E094F93405B8}.Release|Any CPU.ActiveCfg = Release|Any CPU
		{CE540425-AE25-4E24-9857-E094F93405B8}.Release|Any CPU.Build.0 = Release|Any CPU
		{CE540425-AE25-4E24-9857-E094F93405B8}.Release|x64.ActiveCfg = Release|Any CPU
		{CE540425-AE25-4E24-9857-E094F93405B8}.Release|x64.Build.0 = Release|Any CPU
		{CE540425-AE25-4E24-9857-E094F93405B8}.Release|x86.ActiveCfg = Release|Any CPU
		{CE540425-AE25-4E24-9857-E094F93405B8}.Release|x86.Build.0 = Release|Any CPU
		{707882FC-77BC-447E-B227-E11DBDB95821}.Debug|Any CPU.ActiveCfg = Debug|Any CPU
		{707882FC-77BC-447E-B227-E11DBDB95821}.Debug|Any CPU.Build.0 = Debug|Any CPU
		{707882FC-77BC-447E-B227-E11DBDB95821}.Debug|x64.ActiveCfg = Debug|Any CPU
		{707882FC-77BC-447E-B227-E11DBDB95821}.Debug|x64.Build.0 = Debug|Any CPU
		{707882FC-77BC-447E-B227-E11DBDB95821}.Debug|x86.ActiveCfg = Debug|Any CPU
		{707882FC-77BC-447E-B227-E11DBDB95821}.Debug|x86.Build.0 = Debug|Any CPU
		{707882FC-77BC-447E-B227-E11DBDB95821}.Release|Any CPU.ActiveCfg = Release|Any CPU
		{707882FC-77BC-447E-B227-E11DBDB95821}.Release|Any CPU.Build.0 = Release|Any CPU
		{707882FC-77BC-447E-B227-E11DBDB95821}.Release|x64.ActiveCfg = Release|Any CPU
		{707882FC-77BC-447E-B227-E11DBDB95821}.Release|x64.Build.0 = Release|Any CPU
		{707882FC-77BC-447E-B227-E11DBDB95821}.Release|x86.ActiveCfg = Release|Any CPU
		{707882FC-77BC-447E-B227-E11DBDB95821}.Release|x86.Build.0 = Release|Any CPU
		{A3DB9105-A92D-4B2E-8BF8-6EC170CCD16F}.Debug|Any CPU.ActiveCfg = Debug|Any CPU
		{A3DB9105-A92D-4B2E-8BF8-6EC170CCD16F}.Debug|Any CPU.Build.0 = Debug|Any CPU
		{A3DB9105-A92D-4B2E-8BF8-6EC170CCD16F}.Debug|x64.ActiveCfg = Debug|Any CPU
		{A3DB9105-A92D-4B2E-8BF8-6EC170CCD16F}.Debug|x64.Build.0 = Debug|Any CPU
		{A3DB9105-A92D-4B2E-8BF8-6EC170CCD16F}.Debug|x86.ActiveCfg = Debug|Any CPU
		{A3DB9105-A92D-4B2E-8BF8-6EC170CCD16F}.Debug|x86.Build.0 = Debug|Any CPU
		{A3DB9105-A92D-4B2E-8BF8-6EC170CCD16F}.Release|Any CPU.ActiveCfg = Release|Any CPU
		{A3DB9105-A92D-4B2E-8BF8-6EC170CCD16F}.Release|Any CPU.Build.0 = Release|Any CPU
		{A3DB9105-A92D-4B2E-8BF8-6EC170CCD16F}.Release|x64.ActiveCfg = Release|Any CPU
		{A3DB9105-A92D-4B2E-8BF8-6EC170CCD16F}.Release|x64.Build.0 = Release|Any CPU
		{A3DB9105-A92D-4B2E-8BF8-6EC170CCD16F}.Release|x86.ActiveCfg = Release|Any CPU
		{A3DB9105-A92D-4B2E-8BF8-6EC170CCD16F}.Release|x86.Build.0 = Release|Any CPU
		{77FDD34E-51CA-4ACB-AAD2-CDCE32D9B4FE}.Debug|Any CPU.ActiveCfg = Debug|Any CPU
		{77FDD34E-51CA-4ACB-AAD2-CDCE32D9B4FE}.Debug|Any CPU.Build.0 = Debug|Any CPU
		{77FDD34E-51CA-4ACB-AAD2-CDCE32D9B4FE}.Debug|x64.ActiveCfg = Debug|Any CPU
		{77FDD34E-51CA-4ACB-AAD2-CDCE32D9B4FE}.Debug|x64.Build.0 = Debug|Any CPU
		{77FDD34E-51CA-4ACB-AAD2-CDCE32D9B4FE}.Debug|x86.ActiveCfg = Debug|Any CPU
		{77FDD34E-51CA-4ACB-AAD2-CDCE32D9B4FE}.Debug|x86.Build.0 = Debug|Any CPU
		{77FDD34E-51CA-4ACB-AAD2-CDCE32D9B4FE}.Release|Any CPU.ActiveCfg = Release|Any CPU
		{77FDD34E-51CA-4ACB-AAD2-CDCE32D9B4FE}.Release|Any CPU.Build.0 = Release|Any CPU
		{77FDD34E-51CA-4ACB-AAD2-CDCE32D9B4FE}.Release|x64.ActiveCfg = Release|Any CPU
		{77FDD34E-51CA-4ACB-AAD2-CDCE32D9B4FE}.Release|x64.Build.0 = Release|Any CPU
		{77FDD34E-51CA-4ACB-AAD2-CDCE32D9B4FE}.Release|x86.ActiveCfg = Release|Any CPU
		{77FDD34E-51CA-4ACB-AAD2-CDCE32D9B4FE}.Release|x86.Build.0 = Release|Any CPU
		{BC92E8AA-5BA7-41EB-990E-AB9D25E40C85}.Debug|Any CPU.ActiveCfg = Debug|Any CPU
		{BC92E8AA-5BA7-41EB-990E-AB9D25E40C85}.Debug|Any CPU.Build.0 = Debug|Any CPU
		{BC92E8AA-5BA7-41EB-990E-AB9D25E40C85}.Debug|x64.ActiveCfg = Debug|Any CPU
		{BC92E8AA-5BA7-41EB-990E-AB9D25E40C85}.Debug|x64.Build.0 = Debug|Any CPU
		{BC92E8AA-5BA7-41EB-990E-AB9D25E40C85}.Debug|x86.ActiveCfg = Debug|Any CPU
		{BC92E8AA-5BA7-41EB-990E-AB9D25E40C85}.Debug|x86.Build.0 = Debug|Any CPU
		{BC92E8AA-5BA7-41EB-990E-AB9D25E40C85}.Release|Any CPU.ActiveCfg = Release|Any CPU
		{BC92E8AA-5BA7-41EB-990E-AB9D25E40C85}.Release|Any CPU.Build.0 = Release|Any CPU
		{BC92E8AA-5BA7-41EB-990E-AB9D25E40C85}.Release|x64.ActiveCfg = Release|Any CPU
		{BC92E8AA-5BA7-41EB-990E-AB9D25E40C85}.Release|x64.Build.0 = Release|Any CPU
		{BC92E8AA-5BA7-41EB-990E-AB9D25E40C85}.Release|x86.ActiveCfg = Release|Any CPU
		{BC92E8AA-5BA7-41EB-990E-AB9D25E40C85}.Release|x86.Build.0 = Release|Any CPU
		{B8117CB9-26CB-4CF5-BE0C-B6689FAC8B54}.Debug|Any CPU.ActiveCfg = Debug|Any CPU
		{B8117CB9-26CB-4CF5-BE0C-B6689FAC8B54}.Debug|Any CPU.Build.0 = Debug|Any CPU
		{B8117CB9-26CB-4CF5-BE0C-B6689FAC8B54}.Debug|x64.ActiveCfg = Debug|Any CPU
		{B8117CB9-26CB-4CF5-BE0C-B6689FAC8B54}.Debug|x64.Build.0 = Debug|Any CPU
		{B8117CB9-26CB-4CF5-BE0C-B6689FAC8B54}.Debug|x86.ActiveCfg = Debug|Any CPU
		{B8117CB9-26CB-4CF5-BE0C-B6689FAC8B54}.Debug|x86.Build.0 = Debug|Any CPU
		{B8117CB9-26CB-4CF5-BE0C-B6689FAC8B54}.Release|Any CPU.ActiveCfg = Release|Any CPU
		{B8117CB9-26CB-4CF5-BE0C-B6689FAC8B54}.Release|Any CPU.Build.0 = Release|Any CPU
		{B8117CB9-26CB-4CF5-BE0C-B6689FAC8B54}.Release|x64.ActiveCfg = Release|Any CPU
		{B8117CB9-26CB-4CF5-BE0C-B6689FAC8B54}.Release|x64.Build.0 = Release|Any CPU
		{B8117CB9-26CB-4CF5-BE0C-B6689FAC8B54}.Release|x86.ActiveCfg = Release|Any CPU
		{B8117CB9-26CB-4CF5-BE0C-B6689FAC8B54}.Release|x86.Build.0 = Release|Any CPU
		{E44FA009-8C21-48D3-84A0-79E0B675C106}.Debug|Any CPU.ActiveCfg = Debug|Any CPU
		{E44FA009-8C21-48D3-84A0-79E0B675C106}.Debug|Any CPU.Build.0 = Debug|Any CPU
		{E44FA009-8C21-48D3-84A0-79E0B675C106}.Debug|x64.ActiveCfg = Debug|Any CPU
		{E44FA009-8C21-48D3-84A0-79E0B675C106}.Debug|x64.Build.0 = Debug|Any CPU
		{E44FA009-8C21-48D3-84A0-79E0B675C106}.Debug|x86.ActiveCfg = Debug|Any CPU
		{E44FA009-8C21-48D3-84A0-79E0B675C106}.Debug|x86.Build.0 = Debug|Any CPU
		{E44FA009-8C21-48D3-84A0-79E0B675C106}.Release|Any CPU.ActiveCfg = Release|Any CPU
		{E44FA009-8C21-48D3-84A0-79E0B675C106}.Release|Any CPU.Build.0 = Release|Any CPU
		{E44FA009-8C21-48D3-84A0-79E0B675C106}.Release|x64.ActiveCfg = Release|Any CPU
		{E44FA009-8C21-48D3-84A0-79E0B675C106}.Release|x64.Build.0 = Release|Any CPU
		{E44FA009-8C21-48D3-84A0-79E0B675C106}.Release|x86.ActiveCfg = Release|Any CPU
		{E44FA009-8C21-48D3-84A0-79E0B675C106}.Release|x86.Build.0 = Release|Any CPU
	EndGlobalSection
	GlobalSection(SolutionProperties) = preSolution
		HideSolutionNode = FALSE
	EndGlobalSection
	GlobalSection(NestedProjects) = preSolution
		{F37352C3-61C0-446C-AFC5-D02DABE933B5} = {827E0CD3-B72D-47B6-A68D-7590B98EB39B}
		{BDB8CF61-9D47-4081-8162-8760439BC550} = {0AB3BF05-4346-4AA6-1389-037BE0695223}
		{CE540425-AE25-4E24-9857-E094F93405B8} = {B36A84DF-456D-A817-6EDD-3EC3E7F6E11F}
		{707882FC-77BC-447E-B227-E11DBDB95821} = {B36A84DF-456D-A817-6EDD-3EC3E7F6E11F}
		{A3DB9105-A92D-4B2E-8BF8-6EC170CCD16F} = {B36A84DF-456D-A817-6EDD-3EC3E7F6E11F}
		{77FDD34E-51CA-4ACB-AAD2-CDCE32D9B4FE} = {B36A84DF-456D-A817-6EDD-3EC3E7F6E11F}
		{BC92E8AA-5BA7-41EB-990E-AB9D25E40C85} = {B36A84DF-456D-A817-6EDD-3EC3E7F6E11F}
		{B8117CB9-26CB-4CF5-BE0C-B6689FAC8B54} = {B36A84DF-456D-A817-6EDD-3EC3E7F6E11F}
		{E44FA009-8C21-48D3-84A0-79E0B675C106} = {B36A84DF-456D-A817-6EDD-3EC3E7F6E11F}
	EndGlobalSection
EndGlobal
